
Microsoft Visual Studio Solution File, Format Version 12.00
# Visual Studio Version 17
VisualStudioVersion = 17.10.34928.147
MinimumVisualStudioVersion = 10.0.40219.1
Project("{2150E333-8FDC-42A3-9474-1A3956D46DE8}") = "Services", "Services", "{67F2457F-05C3-43CA-BDC7-6EE4AA69CB11}"
EndProject
Project("{2150E333-8FDC-42A3-9474-1A3956D46DE8}") = "Catalog", "Catalog", "{5C132407-C24D-44FB-8B3A-9DF377479A6C}"
EndProject
Project("{9A19103F-16F7-4668-BE54-9A1E7A4F7556}") = "Catalog.API", "Services\Catalog\Catalog.API\Catalog.API.csproj", "{2DCE7A8B-8E14-41DB-B557-8C9C6AA52CBA}"
EndProject
Project("{2150E333-8FDC-42A3-9474-1A3956D46DE8}") = "BuildingBlocks", "BuildingBlocks", "{269625C7-A989-4CFC-A3E3-1B7A89C2263C}"
EndProject
Project("{9A19103F-16F7-4668-BE54-9A1E7A4F7556}") = "BuildingBlocks", "BuildingBlocks\BuildingBlocks\BuildingBlocks.csproj", "{3E826E4A-DE65-4115-BAA0-CB834DFBDF59}"
EndProject
Project("{E53339B2-1760-4266-BCC7-CA923CBCF16C}") = "docker-compose", "docker-compose.dcproj", "{CFF27423-DB5B-430A-9A7B-D135173EEE21}"
EndProject
Project("{2150E333-8FDC-42A3-9474-1A3956D46DE8}") = "Basket", "Basket", "{31DBF389-BD3E-489A-93CA-D20F60F1619A}"
EndProject
Project("{9A19103F-16F7-4668-BE54-9A1E7A4F7556}") = "Basket.API", "Services\Basket\Basket.API\Basket.API.csproj", "{02E95DB1-0BA3-45E2-BAE9-4D66A78D3A8D}"
EndProject
Project("{2150E333-8FDC-42A3-9474-1A3956D46DE8}") = "Discount", "Discount", "{71378708-F68A-49F7-BD71-5368AE76F96E}"
EndProject
Project("{9A19103F-16F7-4668-BE54-9A1E7A4F7556}") = "Discount.Grpc", "Services\Discount\Discount.Grpc\Discount.Grpc.csproj", "{E2A17069-89AC-40A9-B333-460BA43C7B75}"
EndProject
Project("{2150E333-8FDC-42A3-9474-1A3956D46DE8}") = "Ordering", "Ordering", "{C1F2112C-0F16-499A-A42E-B8656FC232B3}"
EndProject
Project("{9A19103F-16F7-4668-BE54-9A1E7A4F7556}") = "Ordering.API", "Services\Ordering\Ordering.API\Ordering.API.csproj", "{79CF1AFF-F7BA-4AD9-BF91-31A406B9A837}"
EndProject
Project("{9A19103F-16F7-4668-BE54-9A1E7A4F7556}") = "Ordering.Domain", "Services\Ordering\Ordering.Domain\Ordering.Domain.csproj", "{F5CEAD2B-AEE4-47D2-850B-E45E137F52EE}"
EndProject
Project("{9A19103F-16F7-4668-BE54-9A1E7A4F7556}") = "Ordering.Application", "Services\Ordering\Ordering.Application\Ordering.Application.csproj", "{B84D717B-EF57-4F02-AB9B-B7F129E254FF}"
EndProject
Project("{9A19103F-16F7-4668-BE54-9A1E7A4F7556}") = "Ordering.infrastructure", "..\Ordering.infrastructure\Ordering.infrastructure.csproj", "{EC8BEDC4-B513-44E9-8323-F9AE283E9207}"
EndProject
Project("{FAE04EC0-301F-11D3-BF4B-00C04F79EFBC}") = "BuildingBlocks.Messaging", "BuildingBlocks\BuildingBlocks.Messaging\BuildingBlocks.Messaging.csproj", "{C9DC1C18-60BE-48D3-B525-B1271BA1A992}"
EndProject
Global
	GlobalSection(SolutionConfigurationPlatforms) = preSolution
		Debug|Any CPU = Debug|Any CPU
		Release|Any CPU = Release|Any CPU
	EndGlobalSection
	GlobalSection(ProjectConfigurationPlatforms) = postSolution
		{2DCE7A8B-8E14-41DB-B557-8C9C6AA52CBA}.Debug|Any CPU.ActiveCfg = Debug|Any CPU
		{2DCE7A8B-8E14-41DB-B557-8C9C6AA52CBA}.Debug|Any CPU.Build.0 = Debug|Any CPU
		{2DCE7A8B-8E14-41DB-B557-8C9C6AA52CBA}.Release|Any CPU.ActiveCfg = Release|Any CPU
		{2DCE7A8B-8E14-41DB-B557-8C9C6AA52CBA}.Release|Any CPU.Build.0 = Release|Any CPU
		{3E826E4A-DE65-4115-BAA0-CB834DFBDF59}.Debug|Any CPU.ActiveCfg = Debug|Any CPU
		{3E826E4A-DE65-4115-BAA0-CB834DFBDF59}.Debug|Any CPU.Build.0 = Debug|Any CPU
		{3E826E4A-DE65-4115-BAA0-CB834DFBDF59}.Release|Any CPU.ActiveCfg = Release|Any CPU
		{3E826E4A-DE65-4115-BAA0-CB834DFBDF59}.Release|Any CPU.Build.0 = Release|Any CPU
		{CFF27423-DB5B-430A-9A7B-D135173EEE21}.Debug|Any CPU.ActiveCfg = Debug|Any CPU
		{CFF27423-DB5B-430A-9A7B-D135173EEE21}.Debug|Any CPU.Build.0 = Debug|Any CPU
		{CFF27423-DB5B-430A-9A7B-D135173EEE21}.Release|Any CPU.ActiveCfg = Release|Any CPU
		{CFF27423-DB5B-430A-9A7B-D135173EEE21}.Release|Any CPU.Build.0 = Release|Any CPU
		{02E95DB1-0BA3-45E2-BAE9-4D66A78D3A8D}.Debug|Any CPU.ActiveCfg = Debug|Any CPU
		{02E95DB1-0BA3-45E2-BAE9-4D66A78D3A8D}.Debug|Any CPU.Build.0 = Debug|Any CPU
		{02E95DB1-0BA3-45E2-BAE9-4D66A78D3A8D}.Release|Any CPU.ActiveCfg = Release|Any CPU
		{02E95DB1-0BA3-45E2-BAE9-4D66A78D3A8D}.Release|Any CPU.Build.0 = Release|Any CPU
		{E2A17069-89AC-40A9-B333-460BA43C7B75}.Debug|Any CPU.ActiveCfg = Debug|Any CPU
		{E2A17069-89AC-40A9-B333-460BA43C7B75}.Debug|Any CPU.Build.0 = Debug|Any CPU
		{E2A17069-89AC-40A9-B333-460BA43C7B75}.Release|Any CPU.ActiveCfg = Release|Any CPU
		{E2A17069-89AC-40A9-B333-460BA43C7B75}.Release|Any CPU.Build.0 = Release|Any CPU
		{79CF1AFF-F7BA-4AD9-BF91-31A406B9A837}.Debug|Any CPU.ActiveCfg = Debug|Any CPU
		{79CF1AFF-F7BA-4AD9-BF91-31A406B9A837}.Debug|Any CPU.Build.0 = Debug|Any CPU
		{79CF1AFF-F7BA-4AD9-BF91-31A406B9A837}.Release|Any CPU.ActiveCfg = Release|Any CPU
		{79CF1AFF-F7BA-4AD9-BF91-31A406B9A837}.Release|Any CPU.Build.0 = Release|Any CPU
		{F5CEAD2B-AEE4-47D2-850B-E45E137F52EE}.Debug|Any CPU.ActiveCfg = Debug|Any CPU
		{F5CEAD2B-AEE4-47D2-850B-E45E137F52EE}.Debug|Any CPU.Build.0 = Debug|Any CPU
		{F5CEAD2B-AEE4-47D2-850B-E45E137F52EE}.Release|Any CPU.ActiveCfg = Release|Any CPU
		{F5CEAD2B-AEE4-47D2-850B-E45E137F52EE}.Release|Any CPU.Build.0 = Release|Any CPU
		{B84D717B-EF57-4F02-AB9B-B7F129E254FF}.Debug|Any CPU.ActiveCfg = Debug|Any CPU
		{B84D717B-EF57-4F02-AB9B-B7F129E254FF}.Debug|Any CPU.Build.0 = Debug|Any CPU
		{B84D717B-EF57-4F02-AB9B-B7F129E254FF}.Release|Any CPU.ActiveCfg = Release|Any CPU
		{B84D717B-EF57-4F02-AB9B-B7F129E254FF}.Release|Any CPU.Build.0 = Release|Any CPU
		{EC8BEDC4-B513-44E9-8323-F9AE283E9207}.Debug|Any CPU.ActiveCfg = Debug|Any CPU
		{EC8BEDC4-B513-44E9-8323-F9AE283E9207}.Debug|Any CPU.Build.0 = Debug|Any CPU
		{EC8BEDC4-B513-44E9-8323-F9AE283E9207}.Release|Any CPU.ActiveCfg = Release|Any CPU
		{EC8BEDC4-B513-44E9-8323-F9AE283E9207}.Release|Any CPU.Build.0 = Release|Any CPU
		{C9DC1C18-60BE-48D3-B525-B1271BA1A992}.Debug|Any CPU.ActiveCfg = Debug|Any CPU
		{C9DC1C18-60BE-48D3-B525-B1271BA1A992}.Debug|Any CPU.Build.0 = Debug|Any CPU
		{C9DC1C18-60BE-48D3-B525-B1271BA1A992}.Release|Any CPU.ActiveCfg = Release|Any CPU
		{C9DC1C18-60BE-48D3-B525-B1271BA1A992}.Release|Any CPU.Build.0 = Release|Any CPU
	EndGlobalSection
	GlobalSection(SolutionProperties) = preSolution
		HideSolutionNode = FALSE
	EndGlobalSection
	GlobalSection(NestedProjects) = preSolution
		{5C132407-C24D-44FB-8B3A-9DF377479A6C} = {67F2457F-05C3-43CA-BDC7-6EE4AA69CB11}
		{2DCE7A8B-8E14-41DB-B557-8C9C6AA52CBA} = {5C132407-C24D-44FB-8B3A-9DF377479A6C}
		{3E826E4A-DE65-4115-BAA0-CB834DFBDF59} = {269625C7-A989-4CFC-A3E3-1B7A89C2263C}
		{31DBF389-BD3E-489A-93CA-D20F60F1619A} = {67F2457F-05C3-43CA-BDC7-6EE4AA69CB11}
		{02E95DB1-0BA3-45E2-BAE9-4D66A78D3A8D} = {31DBF389-BD3E-489A-93CA-D20F60F1619A}
		{71378708-F68A-49F7-BD71-5368AE76F96E} = {67F2457F-05C3-43CA-BDC7-6EE4AA69CB11}
		{E2A17069-89AC-40A9-B333-460BA43C7B75} = {71378708-F68A-49F7-BD71-5368AE76F96E}
		{C1F2112C-0F16-499A-A42E-B8656FC232B3} = {67F2457F-05C3-43CA-BDC7-6EE4AA69CB11}
		{79CF1AFF-F7BA-4AD9-BF91-31A406B9A837} = {C1F2112C-0F16-499A-A42E-B8656FC232B3}
		{F5CEAD2B-AEE4-47D2-850B-E45E137F52EE} = {C1F2112C-0F16-499A-A42E-B8656FC232B3}
		{B84D717B-EF57-4F02-AB9B-B7F129E254FF} = {C1F2112C-0F16-499A-A42E-B8656FC232B3}
		{EC8BEDC4-B513-44E9-8323-F9AE283E9207} = {C1F2112C-0F16-499A-A42E-B8656FC232B3}
		{C9DC1C18-60BE-48D3-B525-B1271BA1A992} = {269625C7-A989-4CFC-A3E3-1B7A89C2263C}
	EndGlobalSection
	GlobalSection(ExtensibilityGlobals) = postSolution
		SolutionGuid = {854CA4BC-4599-4A95-B2C8-1C6234AB4A80}
	EndGlobalSection
EndGlobal
